
Microsoft Visual Studio Solution File, Format Version 12.00
# Visual Studio Version 16
VisualStudioVersion = 16.0.29201.188
MinimumVisualStudioVersion = 10.0.40219.1
Project("{FAE04EC0-301F-11D3-BF4B-00C04F79EFBC}") = "NhapCauHoi", "NhapCauHoi\NhapCauHoi.csproj", "{EAE2289C-D595-4830-B848-5829F7C6C82C}"
EndProject
Project("{2150E333-8FDC-42A3-9474-1A3956D46DE8}") = "Solution Items", "Solution Items", "{81664793-6133-4192-9490-6BC22C098F89}"
	ProjectSection(SolutionItems) = preProject
		du_lieu_cau_hoi.zip = du_lieu_cau_hoi.zip
	EndProjectSection
EndProject
Global
	GlobalSection(SolutionConfigurationPlatforms) = preSolution
		Debug|Any CPU = Debug|Any CPU
		Release|Any CPU = Release|Any CPU
	EndGlobalSection
	GlobalSection(ProjectConfigurationPlatforms) = postSolution
		{EAE2289C-D595-4830-B848-5829F7C6C82C}.Debug|Any CPU.ActiveCfg = Debug|Any CPU
		{EAE2289C-D595-4830-B848-5829F7C6C82C}.Debug|Any CPU.Build.0 = Debug|Any CPU
		{EAE2289C-D595-4830-B848-5829F7C6C82C}.Release|Any CPU.ActiveCfg = Release|Any CPU
		{EAE2289C-D595-4830-B848-5829F7C6C82C}.Release|Any CPU.Build.0 = Release|Any CPU
	EndGlobalSection
	GlobalSection(SolutionProperties) = preSolution
		HideSolutionNode = FALSE
	EndGlobalSection
	GlobalSection(ExtensibilityGlobals) = postSolution
		SolutionGuid = {5C8B240F-6F51-4B86-BFEA-3BEA5DF3C95C}
	EndGlobalSection
EndGlobal
